{
  "version": 4,
  "terraform_version": "1.14.6",
  "serial": 1,
  "lineage": "73df46d6-2a7c-2786-f940-4c43dfdac433",
  "outputs": {
    "resource_group_location": {
      "value": "spaincentral",
      "type": "string"
    },
    "resource_group_name": {
      "value": "rg-pokedex",
      "type": "string"
    }
  },
  "resources": [
    {
      "mode": "managed",
      "type": "azurerm_resource_group",
      "name": "main",
      "provider": "provider[\"registry.terraform.io/hashicorp/azurerm\"]",
      "instances": [
        {
          "schema_version": 0,
          "attributes": {
            "id": "/subscriptions/a9c46ed5-88e1-4650-acf9-9cd11dca1dfb/resourceGroups/rg-pokedex",
            "location": "spaincentral",
            "managed_by": "",
            "name": "rg-pokedex",
            "tags": null,
            "timeouts": null
          },
          "sensitive_attributes": [],
          "identity_schema_version": 0,
          "private": "eyJlMmJmYjczMC1lY2FhLTExZTYtOGY4OC0zNDM2M2JjN2M0YzAiOnsiY3JlYXRlIjo1NDAwMDAwMDAwMDAwLCJkZWxldGUiOjU0MDAwMDAwMDAwMDAsInJlYWQiOjMwMDAwMDAwMDAwMCwidXBkYXRlIjo1NDAwMDAwMDAwMDAwfX0="
        }
      ]
    }
  ],
  "check_results": null
}
